
Microsoft Visual Studio Solution File, Format Version 12.00
# Visual Studio 15
VisualStudioVersion = 15.0.27130.2010
MinimumVisualStudioVersion = 10.0.40219.1
Project("{FAE04EC0-301F-11D3-BF4B-00C04F79EFBC}") = "EventImolementation", "EventImolementation\EventImolementation.csproj", "{B30DF655-0C03-478A-AF61-56EE17BBD4E6}"
EndProject
Project("{FAE04EC0-301F-11D3-BF4B-00C04F79EFBC}") = "KingsGambit", "KingsGambit\KingsGambit.csproj", "{92B8E3D3-6D97-425F-A7B2-5992A6026DA4}"
EndProject
Project("{FAE04EC0-301F-11D3-BF4B-00C04F79EFBC}") = "DependencyInversion", "DependencyInversion\DependencyInversion.csproj", "{4ED46D1A-23D5-4D9F-9860-510956CAF630}"
EndProject
Project("{FAE04EC0-301F-11D3-BF4B-00C04F79EFBC}") = "WorkForce", "WorkForce\WorkForce.csproj", "{3F37663D-F379-4175-904D-E02A1D4AD162}"
EndProject
Project("{FAE04EC0-301F-11D3-BF4B-00C04F79EFBC}") = "KingsGambitExtended", "KingsGambitExtended\KingsGambitExtended.csproj", "{E9E31352-82F5-4857-AB22-AEE7F342DA16}"
EndProject
Global
	GlobalSection(SolutionConfigurationPlatforms) = preSolution
		Debug|Any CPU = Debug|Any CPU
		Release|Any CPU = Release|Any CPU
	EndGlobalSection
	GlobalSection(ProjectConfigurationPlatforms) = postSolution
		{B30DF655-0C03-478A-AF61-56EE17BBD4E6}.Debug|Any CPU.ActiveCfg = Debug|Any CPU
		{B30DF655-0C03-478A-AF61-56EE17BBD4E6}.Debug|Any CPU.Build.0 = Debug|Any CPU
		{B30DF655-0C03-478A-AF61-56EE17BBD4E6}.Release|Any CPU.ActiveCfg = Release|Any CPU
		{B30DF655-0C03-478A-AF61-56EE17BBD4E6}.Release|Any CPU.Build.0 = Release|Any CPU
		{92B8E3D3-6D97-425F-A7B2-5992A6026DA4}.Debug|Any CPU.ActiveCfg = Debug|Any CPU
		{92B8E3D3-6D97-425F-A7B2-5992A6026DA4}.Debug|Any CPU.Build.0 = Debug|Any CPU
		{92B8E3D3-6D97-425F-A7B2-5992A6026DA4}.Release|Any CPU.ActiveCfg = Release|Any CPU
		{92B8E3D3-6D97-425F-A7B2-5992A6026DA4}.Release|Any CPU.Build.0 = Release|Any CPU
		{4ED46D1A-23D5-4D9F-9860-510956CAF630}.Debug|Any CPU.ActiveCfg = Debug|Any CPU
		{4ED46D1A-23D5-4D9F-9860-510956CAF630}.Debug|Any CPU.Build.0 = Debug|Any CPU
		{4ED46D1A-23D5-4D9F-9860-510956CAF630}.Release|Any CPU.ActiveCfg = Release|Any CPU
		{4ED46D1A-23D5-4D9F-9860-510956CAF630}.Release|Any CPU.Build.0 = Release|Any CPU
		{3F37663D-F379-4175-904D-E02A1D4AD162}.Debug|Any CPU.ActiveCfg = Debug|Any CPU
		{3F37663D-F379-4175-904D-E02A1D4AD162}.Debug|Any CPU.Build.0 = Debug|Any CPU
		{3F37663D-F379-4175-904D-E02A1D4AD162}.Release|Any CPU.ActiveCfg = Release|Any CPU
		{3F37663D-F379-4175-904D-E02A1D4AD162}.Release|Any CPU.Build.0 = Release|Any CPU
		{E9E31352-82F5-4857-AB22-AEE7F342DA16}.Debug|Any CPU.ActiveCfg = Debug|Any CPU
		{E9E31352-82F5-4857-AB22-AEE7F342DA16}.Debug|Any CPU.Build.0 = Debug|Any CPU
		{E9E31352-82F5-4857-AB22-AEE7F342DA16}.Release|Any CPU.ActiveCfg = Release|Any CPU
		{E9E31352-82F5-4857-AB22-AEE7F342DA16}.Release|Any CPU.Build.0 = Release|Any CPU
	EndGlobalSection
	GlobalSection(SolutionProperties) = preSolution
		HideSolutionNode = FALSE
	EndGlobalSection
	GlobalSection(ExtensibilityGlobals) = postSolution
		SolutionGuid = {18BDC18B-2376-4EA7-857D-FB55E6341F56}
	EndGlobalSection
EndGlobal
