
Microsoft Visual Studio Solution File, Format Version 12.00
# Visual Studio 15
VisualStudioVersion = 15.0.27130.2010
MinimumVisualStudioVersion = 10.0.40219.1
Project("{FAE04EC0-301F-11D3-BF4B-00C04F79EFBC}") = "Generics-Lab", "Generics-Lab\Generics-Lab.csproj", "{89CAFD8A-0E88-4462-864A-8CC026CA4347}"
EndProject
Global
	GlobalSection(SolutionConfigurationPlatforms) = preSolution
		Debug|Any CPU = Debug|Any CPU
		Release|Any CPU = Release|Any CPU
	EndGlobalSection
	GlobalSection(ProjectConfigurationPlatforms) = postSolution
		{89CAFD8A-0E88-4462-864A-8CC026CA4347}.Debug|Any CPU.ActiveCfg = Debug|Any CPU
		{89CAFD8A-0E88-4462-864A-8CC026CA4347}.Debug|Any CPU.Build.0 = Debug|Any CPU
		{89CAFD8A-0E88-4462-864A-8CC026CA4347}.Release|Any CPU.ActiveCfg = Release|Any CPU
		{89CAFD8A-0E88-4462-864A-8CC026CA4347}.Release|Any CPU.Build.0 = Release|Any CPU
	EndGlobalSection
	GlobalSection(SolutionProperties) = preSolution
		HideSolutionNode = FALSE
	EndGlobalSection
	GlobalSection(ExtensibilityGlobals) = postSolution
		SolutionGuid = {1DE64747-7BA0-418D-AD1B-5A8556A46EBD}
	EndGlobalSection
EndGlobal
