
Microsoft Visual Studio Solution File, Format Version 12.00
# Visual Studio 15
VisualStudioVersion = 15.0.27130.2010
MinimumVisualStudioVersion = 10.0.40219.1
Project("{FAE04EC0-301F-11D3-BF4B-00C04F79EFBC}") = "Solid-exercise", "Solid-exercise\Solid-exercise.csproj", "{0E45BFD0-CE86-4F22-B815-EACE39761635}"
EndProject
Global
	GlobalSection(SolutionConfigurationPlatforms) = preSolution
		Debug|Any CPU = Debug|Any CPU
		Release|Any CPU = Release|Any CPU
	EndGlobalSection
	GlobalSection(ProjectConfigurationPlatforms) = postSolution
		{0E45BFD0-CE86-4F22-B815-EACE39761635}.Debug|Any CPU.ActiveCfg = Debug|Any CPU
		{0E45BFD0-CE86-4F22-B815-EACE39761635}.Debug|Any CPU.Build.0 = Debug|Any CPU
		{0E45BFD0-CE86-4F22-B815-EACE39761635}.Release|Any CPU.ActiveCfg = Release|Any CPU
		{0E45BFD0-CE86-4F22-B815-EACE39761635}.Release|Any CPU.Build.0 = Release|Any CPU
	EndGlobalSection
	GlobalSection(SolutionProperties) = preSolution
		HideSolutionNode = FALSE
	EndGlobalSection
	GlobalSection(ExtensibilityGlobals) = postSolution
		SolutionGuid = {13CF0830-B5A8-45FB-AC87-E484AFDAC59D}
	EndGlobalSection
EndGlobal
